{
  "version": 4,
  "terraform_version": "1.3.0",
  "serial": 17,
  "lineage": "6a16980a-044e-edc5-596c-9c7affb87935",
  "outputs": {},
  "resources": [
    {
      "mode": "managed",
      "type": "aws_instance",
      "name": "ec2-vpc-a",
      "provider": "provider[\"registry.terraform.io/hashicorp/aws\"]",
      "instances": [
        {
          "schema_version": 1,
          "attributes": {
            "ami": "ami-04cb4ca688797756f",
            "arn": "arn:aws:ec2:us-east-1:000288798409:instance/i-0a8705e8b576acf71",
            "associate_public_ip_address": true,
            "availability_zone": "us-east-1a",
            "capacity_reservation_specification": [
              {
                "capacity_reservation_preference": "open",
                "capacity_reservation_target": []
              }
            ],
            "cpu_core_count": 1,
            "cpu_options": [
              {
                "amd_sev_snp": "",
                "core_count": 1,
                "threads_per_core": 2
              }
            ],
            "cpu_threads_per_core": 2,
            "credit_specification": [
              {
                "cpu_credits": "unlimited"
              }
            ],
            "disable_api_stop": false,
            "disable_api_termination": false,
            "ebs_block_device": [],
            "ebs_optimized": false,
            "enclave_options": [
              {
                "enabled": false
              }
            ],
            "ephemeral_block_device": [],
            "get_password_data": false,
            "hibernation": false,
            "host_id": "",
            "host_resource_group_arn": null,
            "iam_instance_profile": "",
            "id": "i-0a8705e8b576acf71",
            "instance_initiated_shutdown_behavior": "stop",
            "instance_lifecycle": "",
            "instance_market_options": [],
            "instance_state": "running",
            "instance_type": "t3.micro",
            "ipv6_address_count": 0,
            "ipv6_addresses": [],
            "key_name": "tf-key-pair",
            "launch_template": [],
            "maintenance_options": [
              {
                "auto_recovery": "default"
              }
            ],
            "metadata_options": [
              {
                "http_endpoint": "enabled",
                "http_put_response_hop_limit": 2,
                "http_tokens": "required",
                "instance_metadata_tags": "disabled"
              }
            ],
            "monitoring": false,
            "network_interface": [],
            "outpost_arn": "",
            "password_data": "",
            "placement_group": "",
            "placement_partition_number": 0,
            "primary_network_interface_id": "eni-06fe33bfe24f43294",
            "private_dns": "ip-10-5-0-205.ec2.internal",
            "private_dns_name_options": [
              {
                "enable_resource_name_dns_a_record": false,
                "enable_resource_name_dns_aaaa_record": false,
                "hostname_type": "ip-name"
              }
            ],
            "private_ip": "10.5.0.205",
            "public_dns": "ec2-54-90-217-244.compute-1.amazonaws.com",
            "public_ip": "54.90.217.244",
            "root_block_device": [
              {
                "delete_on_termination": true,
                "device_name": "/dev/xvda",
                "encrypted": false,
                "iops": 3000,
                "kms_key_id": "",
                "tags": {},
                "throughput": 125,
                "volume_id": "vol-0f0639b19e3876503",
                "volume_size": 8,
                "volume_type": "gp3"
              }
            ],
            "secondary_private_ips": [],
            "security_groups": [
              "sg-060129fe6284ceb07"
            ],
            "source_dest_check": true,
            "spot_instance_request_id": "",
            "subnet_id": "subnet-08aaffe3b79bfed96",
            "tags": {
              "Name": "EC2 VPC A - AZ1"
            },
            "tags_all": {
              "Name": "EC2 VPC A - AZ1"
            },
            "tenancy": "default",
            "timeouts": null,
            "user_data": null,
            "user_data_base64": null,
            "user_data_replace_on_change": false,
            "volume_tags": null,
            "vpc_security_group_ids": [
              "sg-060129fe6284ceb07"
            ]
          },
          "sensitive_attributes": [],
          "private": "eyJlMmJmYjczMC1lY2FhLTExZTYtOGY4OC0zNDM2M2JjN2M0YzAiOnsiY3JlYXRlIjo2MDAwMDAwMDAwMDAsImRlbGV0ZSI6MTIwMDAwMDAwMDAwMCwidXBkYXRlIjo2MDAwMDAwMDAwMDB9LCJzY2hlbWFfdmVyc2lvbiI6IjEifQ==",
          "dependencies": [
            "aws_security_group.allow_ssh_a",
            "module.vpc-a.aws_subnet.public",
            "module.vpc-a.aws_vpc.this",
            "module.vpc-a.aws_vpc_ipv4_cidr_block_association.this"
          ]
        }
      ]
    },
    {
      "mode": "managed",
      "type": "aws_key_pair",
      "name": "tf-key-pair",
      "provider": "provider[\"registry.terraform.io/hashicorp/aws\"]",
      "instances": [
        {
          "schema_version": 1,
          "attributes": {
            "arn": "arn:aws:ec2:us-east-1:000288798409:key-pair/tf-key-pair",
            "fingerprint": "8e:31:33:d7:fa:34:ee:d7:69:3b:91:fb:82:ff:d3:74",
            "id": "tf-key-pair",
            "key_name": "tf-key-pair",
            "key_name_prefix": "",
            "key_pair_id": "key-07808ea8d7bc5f8e2",
            "key_type": "rsa",
            "public_key": "ssh-rsa AAAAB3NzaC1yc2EAAAADAQABAAACAQC+dWxecS2Bq5FgfpKCUYUfOPGTB0jVhxORUu5QRTOVaw558uKQl8+Nt0ip23Zhu9iw6N+8ZYAPc7tzAC/cpE5nsnZpNN37YJyIbeq8+RoLsHyZVvHEyDGxkmcEV8NyStBzvKedt+B3f+LBaLS9bBh1izBpTICAs8UiWEFFVDEWd4CH7k5NGT18slJ3UckdMFj/Pwi5rWIFEMbN6Vk0PsamptqnSRLnYqtYRw4EGxdteEVNU1AyymVzn8H7v0hacZBpdOYYUicEKWziR/QydN0/M4yMULkgot1AF48wtzOmwIAcSJBvdF89DEXFXp0R+ORBw5IgGLZ0wR3Pnc4xS/9nU8TeVGBnbIXjSbmSUCauszWTmzyYZ0HmCqLHpbotlA5UMv8Qalz5hYqoolJQzVWiwEP5mQnN3X21Pl1yA5XVR2iE9fuJGscS6nOsWCqaRY3h4nyHPmzW3iMUYoxrO2IPj/wFpES/AbVFKlLhmxkOS2wgpOTEqKgUNlyy+VhyYf0dyYOwqd3T26TDBdUqjS2rEreY2yra6fuklxzSOImb7xYmidVSmXYNhz+8W8u/SkFRnyrqaHNnmUXws1yl1BdXW4dzbNAb7LTd4lY4uGrx3YtoxeBqM6r/m5JARi7Mokvv5PPfPelyUG+jJPtYw0JPEfO2fEUDcS5MgK0jvPamtw==",
            "tags": null,
            "tags_all": {}
          },
          "sensitive_attributes": [],
          "private": "eyJzY2hlbWFfdmVyc2lvbiI6IjEifQ==",
          "dependencies": [
            "tls_private_key.rsa"
          ]
        }
      ]
    },
    {
      "mode": "managed",
      "type": "aws_security_group",
      "name": "allow_ssh_a",
      "provider": "provider[\"registry.terraform.io/hashicorp/aws\"]",
      "instances": [
        {
          "schema_version": 1,
          "attributes": {
            "arn": "arn:aws:ec2:us-east-1:000288798409:security-group/sg-060129fe6284ceb07",
            "description": "Managed by Terraform",
            "egress": [
              {
                "cidr_blocks": [
                  "0.0.0.0/0"
                ],
                "description": "",
                "from_port": 0,
                "ipv6_cidr_blocks": [],
                "prefix_list_ids": [],
                "protocol": "-1",
                "security_groups": [],
                "self": false,
                "to_port": 0
              }
            ],
            "id": "sg-060129fe6284ceb07",
            "ingress": [
              {
                "cidr_blocks": [
                  "0.0.0.0/0"
                ],
                "description": "",
                "from_port": 22,
                "ipv6_cidr_blocks": [],
                "prefix_list_ids": [],
                "protocol": "tcp",
                "security_groups": [],
                "self": false,
                "to_port": 22
              }
            ],
            "name": "allow_ssh_vpc_a",
            "name_prefix": "",
            "owner_id": "000288798409",
            "revoke_rules_on_delete": false,
            "tags": null,
            "tags_all": {},
            "timeouts": null,
            "vpc_id": "vpc-069403aa2a08860f7"
          },
          "sensitive_attributes": [],
          "private": "eyJlMmJmYjczMC1lY2FhLTExZTYtOGY4OC0zNDM2M2JjN2M0YzAiOnsiY3JlYXRlIjo2MDAwMDAwMDAwMDAsImRlbGV0ZSI6OTAwMDAwMDAwMDAwfSwic2NoZW1hX3ZlcnNpb24iOiIxIn0=",
          "dependencies": [
            "module.vpc-a.aws_vpc.this"
          ]
        }
      ]
    },
    {
      "mode": "managed",
      "type": "local_file",
      "name": "tf-key",
      "provider": "provider[\"registry.terraform.io/hashicorp/local\"]",
      "instances": [
        {
          "schema_version": 0,
          "attributes": {
            "content": "-----BEGIN RSA PRIVATE KEY-----\nMIIJKQIBAAKCAgEAvnVsXnEtgauRYH6SglGFHzjxkwdI1YcTkVLuUEUzlWsOefLi\nkJfPjbdIqdt2YbvYsOjfvGWAD3O7cwAv3KROZ7J2aTTd+2CciG3qvPkaC7B8mVbx\nxMgxsZJnBFfDckrQc7ynnbfgd3/iwWi0vWwYdYswaUyAgLPFIlhBRVQxFneAh+5O\nTRk9fLJSd1HJHTBY/z8Iua1iBRDGzelZND7Gpqbap0kS52KrWEcOBBsXbXhFTVNQ\nMsplc5/B+79IWnGQaXTmGFInBCls4kf0MnTdPzOMjFC5IKLdQBePMLczpsCAHEiQ\nb3RfPQxFxV6dEfjkQcOSIBi2dMEdz53OMUv/Z1PE3lRgZ2yF40m5klAmrrM1k5s8\nmGdB5gqix6W6LZQOVDL/EGpc+YWKqKJSUM1VosBD+ZkJzd19tT5dcgOV1UdohPX7\niRrHEupzrFgqmkWN4eJ8hz5s1t4jFGKMaztiD4/8BaREvwG1RSpS4ZsZDktsIKTk\nxKioFDZcsvlYcmH9HcmDsKnd09ukwwXVKo0tqxK3mNsq2un7pJcc0jiJm+8WJonV\nUpl2DYc/vFvLv0pBUZ8q6mhzZ5lF8LNcpdQXV1uHc2zQG+y03eJWOLhq8d2LaMXg\najOq/5uSQEYuzKJL7+Tz3z3pclBvoyT7WMNCTxHztnxFA3EuTICtI7z2prcCAwEA\nAQKCAgB1zjnmvMiyEUZN0lybAQN/iYBbOkFB2lgvJoXD3toGTP7aTXL4jv5RoRHw\nBpBV6ZQh8Rka9gldBW/ntTDloDfjCk8Vyh6YM2z/MkXk94u1uUeIrW/EETQzquPP\nmt2In2AKhqGC+856+/5tNW++TtNeOWcLasd9VDTWhpJw6J+oTuiQq8WBCOCwdbhu\nl4b3aAVUdE/YUbd0fKkLio+jskS7pi9PE/L+bliftOulfIBkNOVg6+yKTgismR+q\nsOl3EBGMOUNtvbrmZx0zZeBVKVYElsUTsYag+jwyPaBTOK5ZMW7Mj9HPLsMOBr5N\nU7WB/VpqlyaWddK9qwnedrSoZ2KlGmISqOAiK8KrpYb9ANndkbo9A0e5mnocSod+\n1wSHGqW9MuV8h1TUpZ9BB9aj+1FQoIw+YLgf+NPjVSAfFAu2+MCSwf02JU8ai8rw\n8rG+25nyoNtlQuyd/wLyBBQ79abZZQaAnrZo4MqWcMfcuA/0nXCcldxwd1LNeA5W\n8h0i6G+eimakNToi8BroY7hUpmFqchcr0N2sT/9g9QYuvoufkd6p27CesOrKP9B1\nmOngvx5eqhYUxr414OAaTyT1WzLeHMWnu9pev080yEJu41NydJe0xZJkarvLOxBj\nLbDNBcOIZYMJMydOQc42/+3XCsRfxxO/CxrUnOYc5rPrHx5eaQKCAQEAwT58oAx8\nG5+2TS4okvM/Z7lUAkt5ywzPGMvfcJr6ShKvnurhTK6yoeLLBuztddqNHUX03gJN\nrHR2IJIOzhuECPDHWi0KYdnjmBrWIS85WRifAsOgeCzlLD/nUqMM9u1jZdTDzCKR\n0qlOIt4L1aiLHmRj+LP6vHUloaFoYbYDcbqHDZVh/FMbChTLuCia2YpcrX23wpXg\nuTm5Cjk1FrE9vIsm/zO+p+b0ZqodBz2H7BaHC+GfUGGBi0I7joccfyZC6e9tcunF\nRWlXLSYjAabRFfOM8ppaODo/uKEsna4fQtDUjbXZ0aNf5RykjooDGObUqo7He2p2\nn8Qk3KV8eq0tSwKCAQEA/E9emP8xpjZgXamNXtvTz3mAwSvlYv/ngc1zarxakYxL\nPuN3PKRbGFm8aEbERjaO9Y7otDFsUV70p0/Sm7j1ONZiNHVRJGQYUoIVRkeC6pIu\n+DZoy+I7rHaHYds1kqbo57yiH+5YAYlNN4aibdMAEcjx0yfDIqJqctUtbP/8osGl\nE2oZyE9Wwrw2sQ1W97WQi0vw/1y4YBXwJTE97phJZfdgGVbl5itq7kkcZP9S8Kq2\nt6hBkmB3+t3qiZkaXBuq8AniL0NAIQ8dPzsXYFi4XrJHfd84G7j1PqKAVhhyRYc0\nq7y2bLgKQ/1zI/Ll2CizSdxqsbMWisFjYkVKfpTkxQKCAQBViua6JqytwcZ+Zed6\nHYm8zbJdjbGta88lR+JyQ3h2X800SP9Q5aiXtwBu4WTAne2HvtcFi/l8VNWR13YM\nUOvi1Us6JOQKqtxwEbkmWXRGd3q0S4r2h9EvBF7PGvR7PlyY0FWYQNlSarX3A1oz\ny3dCDeifSHS/BhCRexTs5BikOJDeN3l3rAY1MT15GShrEi+ycQtubNBcziuWVfql\nP/J3SxYJNIu6Yadg5v8QnHFV1icT4F2YxIEG91vL3Q2FT5ehXOaTTt6PunDnwJEQ\ngxrdX8HOBvvXFhntDhPk/RZDipP84zo37d1eW46QtpFmbZBIrAmsHVXDpZ03u13e\nJFj/AoIBAQDd5lgGKvpZeh1KgqHouWERaYTJX3fAl9vdlvlY+AqXU1GiH59wYAQV\n6GYBN6vLLJSSdntGbukar25v744EkqhosnNwO3V/keCqP+nCA4aqEqLofcGw/mkJ\nBr2OXKJDNjRECuxzNMWFpGGa4ffcquO2wImd8ax2u2zvTXlEEeb4pWIvLvM57j0Z\nyzo2gMrp1G8pc0Ki88LcDq9DpokXXCvBV8zWvEw5IBpNM1Obp8okC5/i6kGxINKk\neaOaHGLIezTdI3QfqP+vk4FfaPLoM18DObwSgczw5LwbuAMytRFbAMxb9f5io4Gz\nxiYLicaHU1RLM2VKn3zFz8s+VD5uETkZAoIBAQCBwuZwEeYqLAwMMh/apn0cBxcO\nPkRyLBc+JWPQDwKg7kF2KJGWD7G0WqHkMaaXEWRugDCnXFXkFgckA6LOCf0exKuU\nezAU4yCril3Ym1bWI6zjBJW4CtUxQOI0HFnIHxJT1z2mFHYD2HvG9MQiCNI/GYHc\nNrfnzkCnTHM29gFwZg2dEw7eemJBTYQCakNGg4WszC6QuFlEK18HZyhyIN6R7Ece\nsNIb7x3Wf3K3kSeybZ6m+LLQXpJxep8VHMuUnrKWYiie+8R8b5BnWMaeLVEzssSb\nnAhLYQQD5iUP0546nX3wVSj245gMhT+EGlthCO6r4EodFQ9Ek9M6NH4QRbN1\n-----END RSA PRIVATE KEY-----\n",
            "content_base64": null,
            "content_base64sha256": "sVxpMi9lDuOOCZO9coUAMCUhd4DzOxcSj9zNdkLIzv4=",
            "content_base64sha512": "RGpfKzUYkqEjCotse8bYe1jdNc/sO2Ko7vbbUNMOD/ch+vfiA/U8JagQSBsEtqDHUUkNQF7By3HlXMbbbwzsOQ==",
            "content_md5": "5e81353cff9917aa9419177dee1aa77e",
            "content_sha1": "ef7b86445da80136bc35a8d98d3bb29edd558f9f",
            "content_sha256": "b15c69322f650ee38e0993bd7285003025217780f33b17128fdccd7642c8cefe",
            "content_sha512": "446a5f2b351892a1230a8b6c7bc6d87b58dd35cfec3b62a8eef6db50d30e0ff721faf7e203f53c25a810481b04b6a0c751490d405ec1cb71e55cc6db6f0cec39",
            "directory_permission": "0777",
            "file_permission": "0777",
            "filename": "tf-key-pair.pem",
            "id": "ef7b86445da80136bc35a8d98d3bb29edd558f9f",
            "sensitive_content": null,
            "source": null
          },
          "sensitive_attributes": [
            [
              {
                "type": "get_attr",
                "value": "content"
              }
            ]
          ],
          "dependencies": [
            "tls_private_key.rsa"
          ]
        }
      ]
    },
    {
      "mode": "managed",
      "type": "tls_private_key",
      "name": "rsa",
      "provider": "provider[\"registry.terraform.io/hashicorp/tls\"]",
      "instances": [
        {
          "schema_version": 1,
          "attributes": {
            "algorithm": "RSA",
            "ecdsa_curve": "P224",
            "id": "13d59783e0301b5f1b6fdae4da64a959fbca89f6",
            "private_key_openssh": "-----BEGIN OPENSSH PRIVATE KEY-----\nb3BlbnNzaC1rZXktdjEAAAAABG5vbmUAAAAEbm9uZQAAAAAAAAABAAACFwAAAAdz\nc2gtcnNhAAAAAwEAAQAAAgEAvnVsXnEtgauRYH6SglGFHzjxkwdI1YcTkVLuUEUz\nlWsOefLikJfPjbdIqdt2YbvYsOjfvGWAD3O7cwAv3KROZ7J2aTTd+2CciG3qvPka\nC7B8mVbxxMgxsZJnBFfDckrQc7ynnbfgd3/iwWi0vWwYdYswaUyAgLPFIlhBRVQx\nFneAh+5OTRk9fLJSd1HJHTBY/z8Iua1iBRDGzelZND7Gpqbap0kS52KrWEcOBBsX\nbXhFTVNQMsplc5/B+79IWnGQaXTmGFInBCls4kf0MnTdPzOMjFC5IKLdQBePMLcz\npsCAHEiQb3RfPQxFxV6dEfjkQcOSIBi2dMEdz53OMUv/Z1PE3lRgZ2yF40m5klAm\nrrM1k5s8mGdB5gqix6W6LZQOVDL/EGpc+YWKqKJSUM1VosBD+ZkJzd19tT5dcgOV\n1UdohPX7iRrHEupzrFgqmkWN4eJ8hz5s1t4jFGKMaztiD4/8BaREvwG1RSpS4ZsZ\nDktsIKTkxKioFDZcsvlYcmH9HcmDsKnd09ukwwXVKo0tqxK3mNsq2un7pJcc0jiJ\nm+8WJonVUpl2DYc/vFvLv0pBUZ8q6mhzZ5lF8LNcpdQXV1uHc2zQG+y03eJWOLhq\n8d2LaMXgajOq/5uSQEYuzKJL7+Tz3z3pclBvoyT7WMNCTxHztnxFA3EuTICtI7z2\nprcAAAc4ciTPNHIkzzQAAAAHc3NoLXJzYQAAAgEAvnVsXnEtgauRYH6SglGFHzjx\nkwdI1YcTkVLuUEUzlWsOefLikJfPjbdIqdt2YbvYsOjfvGWAD3O7cwAv3KROZ7J2\naTTd+2CciG3qvPkaC7B8mVbxxMgxsZJnBFfDckrQc7ynnbfgd3/iwWi0vWwYdYsw\naUyAgLPFIlhBRVQxFneAh+5OTRk9fLJSd1HJHTBY/z8Iua1iBRDGzelZND7Gpqba\np0kS52KrWEcOBBsXbXhFTVNQMsplc5/B+79IWnGQaXTmGFInBCls4kf0MnTdPzOM\njFC5IKLdQBePMLczpsCAHEiQb3RfPQxFxV6dEfjkQcOSIBi2dMEdz53OMUv/Z1PE\n3lRgZ2yF40m5klAmrrM1k5s8mGdB5gqix6W6LZQOVDL/EGpc+YWKqKJSUM1VosBD\n+ZkJzd19tT5dcgOV1UdohPX7iRrHEupzrFgqmkWN4eJ8hz5s1t4jFGKMaztiD4/8\nBaREvwG1RSpS4ZsZDktsIKTkxKioFDZcsvlYcmH9HcmDsKnd09ukwwXVKo0tqxK3\nmNsq2un7pJcc0jiJm+8WJonVUpl2DYc/vFvLv0pBUZ8q6mhzZ5lF8LNcpdQXV1uH\nc2zQG+y03eJWOLhq8d2LaMXgajOq/5uSQEYuzKJL7+Tz3z3pclBvoyT7WMNCTxHz\ntnxFA3EuTICtI7z2prcAAAADAQABAAACAHXOOea8yLIRRk3SXJsBA3+JgFs6QUHa\nWC8mhcPe2gZM/tpNcviO/lGhEfAGkFXplCHxGRr2CV0Fb+e1MOWgN+MKTxXKHpgz\nbP8yReT3i7W5R4itb8QRNDOq48+a3YifYAqGoYL7znr7/m01b75O0145Zwtqx31U\nNNaGknDon6hO6JCrxYEI4LB1uG6XhvdoBVR0T9hRt3R8qQuKj6OyRLumL08T8v5u\nWJ+066V8gGQ05WDr7IpOCKyZH6qw6XcQEYw5Q229uuZnHTNl4FUpVgSWxROxhqD6\nPDI9oFM4rlkxbsyP0c8uww4Gvk1TtYH9WmqXJpZ10r2rCd52tKhnYqUaYhKo4CIr\nwqulhv0A2d2Ruj0DR7maehxKh37XBIcapb0y5XyHVNSln0EH1qP7UVCgjD5guB/4\n0+NVIB8UC7b4wJLB/TYlTxqLyvDysb7bmfKg22VC7J3/AvIEFDv1ptllBoCetmjg\nypZwx9y4D/SdcJyV3HB3Us14DlbyHSLob56KZqQ1OiLwGuhjuFSmYWpyFyvQ3axP\n/2D1Bi6+i5+R3qnbsJ6w6so/0HWY6eC/Hl6qFhTGvjXg4BpPJPVbMt4cxae72l6/\nTzTIQm7jU3J0l7TFkmRqu8s7EGMtsM0Fw4hlgwkzJ05Bzjb/7dcKxF/HE78LGtSc\n5hzms+sfHl5pAAABAQCBwuZwEeYqLAwMMh/apn0cBxcOPkRyLBc+JWPQDwKg7kF2\nKJGWD7G0WqHkMaaXEWRugDCnXFXkFgckA6LOCf0exKuUezAU4yCril3Ym1bWI6zj\nBJW4CtUxQOI0HFnIHxJT1z2mFHYD2HvG9MQiCNI/GYHcNrfnzkCnTHM29gFwZg2d\nEw7eemJBTYQCakNGg4WszC6QuFlEK18HZyhyIN6R7EcesNIb7x3Wf3K3kSeybZ6m\n+LLQXpJxep8VHMuUnrKWYiie+8R8b5BnWMaeLVEzssSbnAhLYQQD5iUP0546nX3w\nVSj245gMhT+EGlthCO6r4EodFQ9Ek9M6NH4QRbN1AAABAQDBPnygDHwbn7ZNLiiS\n8z9nuVQCS3nLDM8Yy99wmvpKEq+e6uFMrrKh4ssG7O112o0dRfTeAk2sdHYgkg7O\nG4QI8MdaLQph2eOYGtYhLzlZGJ8Cw6B4LOUsP+dSowz27WNl1MPMIpHSqU4i3gvV\nqIseZGP4s/q8dSWhoWhhtgNxuocNlWH8UxsKFMu4KJrZilytfbfCleC5ObkKOTUW\nsT28iyb/M76n5vRmqh0HPYfsFocL4Z9QYYGLQjuOhxx/JkLp721y6cVFaVctJiMB\nptEV84zymlo4Oj+4oSydrh9C0NSNtdnRo1/lHKSOigMY5tSqjsd7anafxCTcpXx6\nrS1LAAABAQD8T16Y/zGmNmBdqY1e29PPeYDBK+Vi/+eBzXNqvFqRjEs+43c8pFsY\nWbxoRsRGNo71jui0MWxRXvSnT9KbuPU41mI0dVEkZBhSghVGR4Lqki74NmjL4jus\ndodh2zWSpujnvKIf7lgBiU03hqJt0wARyPHTJ8Miompy1S1s//yiwaUTahnIT1bC\nvDaxDVb3tZCLS/D/XLhgFfAlMT3umEll92AZVuXmK2ruSRxk/1Lwqra3qEGSYHf6\n3eqJmRpcG6rwCeIvQ0AhDx0/OxdgWLheskd93zgbuPU+ooBWGHJFhzSrvLZsuApD\n/XMj8uXYKLNJ3GqxsxaKwWNiRUp+lOTFAAAAAAEC\n-----END OPENSSH PRIVATE KEY-----\n",
            "private_key_pem": "-----BEGIN RSA PRIVATE KEY-----\nMIIJKQIBAAKCAgEAvnVsXnEtgauRYH6SglGFHzjxkwdI1YcTkVLuUEUzlWsOefLi\nkJfPjbdIqdt2YbvYsOjfvGWAD3O7cwAv3KROZ7J2aTTd+2CciG3qvPkaC7B8mVbx\nxMgxsZJnBFfDckrQc7ynnbfgd3/iwWi0vWwYdYswaUyAgLPFIlhBRVQxFneAh+5O\nTRk9fLJSd1HJHTBY/z8Iua1iBRDGzelZND7Gpqbap0kS52KrWEcOBBsXbXhFTVNQ\nMsplc5/B+79IWnGQaXTmGFInBCls4kf0MnTdPzOMjFC5IKLdQBePMLczpsCAHEiQ\nb3RfPQxFxV6dEfjkQcOSIBi2dMEdz53OMUv/Z1PE3lRgZ2yF40m5klAmrrM1k5s8\nmGdB5gqix6W6LZQOVDL/EGpc+YWKqKJSUM1VosBD+ZkJzd19tT5dcgOV1UdohPX7\niRrHEupzrFgqmkWN4eJ8hz5s1t4jFGKMaztiD4/8BaREvwG1RSpS4ZsZDktsIKTk\nxKioFDZcsvlYcmH9HcmDsKnd09ukwwXVKo0tqxK3mNsq2un7pJcc0jiJm+8WJonV\nUpl2DYc/vFvLv0pBUZ8q6mhzZ5lF8LNcpdQXV1uHc2zQG+y03eJWOLhq8d2LaMXg\najOq/5uSQEYuzKJL7+Tz3z3pclBvoyT7WMNCTxHztnxFA3EuTICtI7z2prcCAwEA\nAQKCAgB1zjnmvMiyEUZN0lybAQN/iYBbOkFB2lgvJoXD3toGTP7aTXL4jv5RoRHw\nBpBV6ZQh8Rka9gldBW/ntTDloDfjCk8Vyh6YM2z/MkXk94u1uUeIrW/EETQzquPP\nmt2In2AKhqGC+856+/5tNW++TtNeOWcLasd9VDTWhpJw6J+oTuiQq8WBCOCwdbhu\nl4b3aAVUdE/YUbd0fKkLio+jskS7pi9PE/L+bliftOulfIBkNOVg6+yKTgismR+q\nsOl3EBGMOUNtvbrmZx0zZeBVKVYElsUTsYag+jwyPaBTOK5ZMW7Mj9HPLsMOBr5N\nU7WB/VpqlyaWddK9qwnedrSoZ2KlGmISqOAiK8KrpYb9ANndkbo9A0e5mnocSod+\n1wSHGqW9MuV8h1TUpZ9BB9aj+1FQoIw+YLgf+NPjVSAfFAu2+MCSwf02JU8ai8rw\n8rG+25nyoNtlQuyd/wLyBBQ79abZZQaAnrZo4MqWcMfcuA/0nXCcldxwd1LNeA5W\n8h0i6G+eimakNToi8BroY7hUpmFqchcr0N2sT/9g9QYuvoufkd6p27CesOrKP9B1\nmOngvx5eqhYUxr414OAaTyT1WzLeHMWnu9pev080yEJu41NydJe0xZJkarvLOxBj\nLbDNBcOIZYMJMydOQc42/+3XCsRfxxO/CxrUnOYc5rPrHx5eaQKCAQEAwT58oAx8\nG5+2TS4okvM/Z7lUAkt5ywzPGMvfcJr6ShKvnurhTK6yoeLLBuztddqNHUX03gJN\nrHR2IJIOzhuECPDHWi0KYdnjmBrWIS85WRifAsOgeCzlLD/nUqMM9u1jZdTDzCKR\n0qlOIt4L1aiLHmRj+LP6vHUloaFoYbYDcbqHDZVh/FMbChTLuCia2YpcrX23wpXg\nuTm5Cjk1FrE9vIsm/zO+p+b0ZqodBz2H7BaHC+GfUGGBi0I7joccfyZC6e9tcunF\nRWlXLSYjAabRFfOM8ppaODo/uKEsna4fQtDUjbXZ0aNf5RykjooDGObUqo7He2p2\nn8Qk3KV8eq0tSwKCAQEA/E9emP8xpjZgXamNXtvTz3mAwSvlYv/ngc1zarxakYxL\nPuN3PKRbGFm8aEbERjaO9Y7otDFsUV70p0/Sm7j1ONZiNHVRJGQYUoIVRkeC6pIu\n+DZoy+I7rHaHYds1kqbo57yiH+5YAYlNN4aibdMAEcjx0yfDIqJqctUtbP/8osGl\nE2oZyE9Wwrw2sQ1W97WQi0vw/1y4YBXwJTE97phJZfdgGVbl5itq7kkcZP9S8Kq2\nt6hBkmB3+t3qiZkaXBuq8AniL0NAIQ8dPzsXYFi4XrJHfd84G7j1PqKAVhhyRYc0\nq7y2bLgKQ/1zI/Ll2CizSdxqsbMWisFjYkVKfpTkxQKCAQBViua6JqytwcZ+Zed6\nHYm8zbJdjbGta88lR+JyQ3h2X800SP9Q5aiXtwBu4WTAne2HvtcFi/l8VNWR13YM\nUOvi1Us6JOQKqtxwEbkmWXRGd3q0S4r2h9EvBF7PGvR7PlyY0FWYQNlSarX3A1oz\ny3dCDeifSHS/BhCRexTs5BikOJDeN3l3rAY1MT15GShrEi+ycQtubNBcziuWVfql\nP/J3SxYJNIu6Yadg5v8QnHFV1icT4F2YxIEG91vL3Q2FT5ehXOaTTt6PunDnwJEQ\ngxrdX8HOBvvXFhntDhPk/RZDipP84zo37d1eW46QtpFmbZBIrAmsHVXDpZ03u13e\nJFj/AoIBAQDd5lgGKvpZeh1KgqHouWERaYTJX3fAl9vdlvlY+AqXU1GiH59wYAQV\n6GYBN6vLLJSSdntGbukar25v744EkqhosnNwO3V/keCqP+nCA4aqEqLofcGw/mkJ\nBr2OXKJDNjRECuxzNMWFpGGa4ffcquO2wImd8ax2u2zvTXlEEeb4pWIvLvM57j0Z\nyzo2gMrp1G8pc0Ki88LcDq9DpokXXCvBV8zWvEw5IBpNM1Obp8okC5/i6kGxINKk\neaOaHGLIezTdI3QfqP+vk4FfaPLoM18DObwSgczw5LwbuAMytRFbAMxb9f5io4Gz\nxiYLicaHU1RLM2VKn3zFz8s+VD5uETkZAoIBAQCBwuZwEeYqLAwMMh/apn0cBxcO\nPkRyLBc+JWPQDwKg7kF2KJGWD7G0WqHkMaaXEWRugDCnXFXkFgckA6LOCf0exKuU\nezAU4yCril3Ym1bWI6zjBJW4CtUxQOI0HFnIHxJT1z2mFHYD2HvG9MQiCNI/GYHc\nNrfnzkCnTHM29gFwZg2dEw7eemJBTYQCakNGg4WszC6QuFlEK18HZyhyIN6R7Ece\nsNIb7x3Wf3K3kSeybZ6m+LLQXpJxep8VHMuUnrKWYiie+8R8b5BnWMaeLVEzssSb\nnAhLYQQD5iUP0546nX3wVSj245gMhT+EGlthCO6r4EodFQ9Ek9M6NH4QRbN1\n-----END RSA PRIVATE KEY-----\n",
            "private_key_pem_pkcs8": "-----BEGIN PRIVATE KEY-----\nMIIJQwIBADANBgkqhkiG9w0BAQEFAASCCS0wggkpAgEAAoICAQC+dWxecS2Bq5Fg\nfpKCUYUfOPGTB0jVhxORUu5QRTOVaw558uKQl8+Nt0ip23Zhu9iw6N+8ZYAPc7tz\nAC/cpE5nsnZpNN37YJyIbeq8+RoLsHyZVvHEyDGxkmcEV8NyStBzvKedt+B3f+LB\naLS9bBh1izBpTICAs8UiWEFFVDEWd4CH7k5NGT18slJ3UckdMFj/Pwi5rWIFEMbN\n6Vk0PsamptqnSRLnYqtYRw4EGxdteEVNU1AyymVzn8H7v0hacZBpdOYYUicEKWzi\nR/QydN0/M4yMULkgot1AF48wtzOmwIAcSJBvdF89DEXFXp0R+ORBw5IgGLZ0wR3P\nnc4xS/9nU8TeVGBnbIXjSbmSUCauszWTmzyYZ0HmCqLHpbotlA5UMv8Qalz5hYqo\nolJQzVWiwEP5mQnN3X21Pl1yA5XVR2iE9fuJGscS6nOsWCqaRY3h4nyHPmzW3iMU\nYoxrO2IPj/wFpES/AbVFKlLhmxkOS2wgpOTEqKgUNlyy+VhyYf0dyYOwqd3T26TD\nBdUqjS2rEreY2yra6fuklxzSOImb7xYmidVSmXYNhz+8W8u/SkFRnyrqaHNnmUXw\ns1yl1BdXW4dzbNAb7LTd4lY4uGrx3YtoxeBqM6r/m5JARi7Mokvv5PPfPelyUG+j\nJPtYw0JPEfO2fEUDcS5MgK0jvPamtwIDAQABAoICAHXOOea8yLIRRk3SXJsBA3+J\ngFs6QUHaWC8mhcPe2gZM/tpNcviO/lGhEfAGkFXplCHxGRr2CV0Fb+e1MOWgN+MK\nTxXKHpgzbP8yReT3i7W5R4itb8QRNDOq48+a3YifYAqGoYL7znr7/m01b75O0145\nZwtqx31UNNaGknDon6hO6JCrxYEI4LB1uG6XhvdoBVR0T9hRt3R8qQuKj6OyRLum\nL08T8v5uWJ+066V8gGQ05WDr7IpOCKyZH6qw6XcQEYw5Q229uuZnHTNl4FUpVgSW\nxROxhqD6PDI9oFM4rlkxbsyP0c8uww4Gvk1TtYH9WmqXJpZ10r2rCd52tKhnYqUa\nYhKo4CIrwqulhv0A2d2Ruj0DR7maehxKh37XBIcapb0y5XyHVNSln0EH1qP7UVCg\njD5guB/40+NVIB8UC7b4wJLB/TYlTxqLyvDysb7bmfKg22VC7J3/AvIEFDv1ptll\nBoCetmjgypZwx9y4D/SdcJyV3HB3Us14DlbyHSLob56KZqQ1OiLwGuhjuFSmYWpy\nFyvQ3axP/2D1Bi6+i5+R3qnbsJ6w6so/0HWY6eC/Hl6qFhTGvjXg4BpPJPVbMt4c\nxae72l6/TzTIQm7jU3J0l7TFkmRqu8s7EGMtsM0Fw4hlgwkzJ05Bzjb/7dcKxF/H\nE78LGtSc5hzms+sfHl5pAoIBAQDBPnygDHwbn7ZNLiiS8z9nuVQCS3nLDM8Yy99w\nmvpKEq+e6uFMrrKh4ssG7O112o0dRfTeAk2sdHYgkg7OG4QI8MdaLQph2eOYGtYh\nLzlZGJ8Cw6B4LOUsP+dSowz27WNl1MPMIpHSqU4i3gvVqIseZGP4s/q8dSWhoWhh\ntgNxuocNlWH8UxsKFMu4KJrZilytfbfCleC5ObkKOTUWsT28iyb/M76n5vRmqh0H\nPYfsFocL4Z9QYYGLQjuOhxx/JkLp721y6cVFaVctJiMBptEV84zymlo4Oj+4oSyd\nrh9C0NSNtdnRo1/lHKSOigMY5tSqjsd7anafxCTcpXx6rS1LAoIBAQD8T16Y/zGm\nNmBdqY1e29PPeYDBK+Vi/+eBzXNqvFqRjEs+43c8pFsYWbxoRsRGNo71jui0MWxR\nXvSnT9KbuPU41mI0dVEkZBhSghVGR4Lqki74NmjL4jusdodh2zWSpujnvKIf7lgB\niU03hqJt0wARyPHTJ8Miompy1S1s//yiwaUTahnIT1bCvDaxDVb3tZCLS/D/XLhg\nFfAlMT3umEll92AZVuXmK2ruSRxk/1Lwqra3qEGSYHf63eqJmRpcG6rwCeIvQ0Ah\nDx0/OxdgWLheskd93zgbuPU+ooBWGHJFhzSrvLZsuApD/XMj8uXYKLNJ3GqxsxaK\nwWNiRUp+lOTFAoIBAFWK5romrK3Bxn5l53odibzNsl2Nsa1rzyVH4nJDeHZfzTRI\n/1DlqJe3AG7hZMCd7Ye+1wWL+XxU1ZHXdgxQ6+LVSzok5Aqq3HARuSZZdEZ3erRL\nivaH0S8EXs8a9Hs+XJjQVZhA2VJqtfcDWjPLd0IN6J9IdL8GEJF7FOzkGKQ4kN43\neXesBjUxPXkZKGsSL7JxC25s0FzOK5ZV+qU/8ndLFgk0i7php2Dm/xCccVXWJxPg\nXZjEgQb3W8vdDYVPl6Fc5pNO3o+6cOfAkRCDGt1fwc4G+9cWGe0OE+T9FkOKk/zj\nOjft3V5bjpC2kWZtkEisCawdVcOlnTe7Xd4kWP8CggEBAN3mWAYq+ll6HUqCoei5\nYRFphMlfd8CX292W+Vj4CpdTUaIfn3BgBBXoZgE3q8sslJJ2e0Zu6Rqvbm/vjgSS\nqGiyc3A7dX+R4Ko/6cIDhqoSouh9wbD+aQkGvY5cokM2NEQK7HM0xYWkYZrh99yq\n47bAiZ3xrHa7bO9NeUQR5vilYi8u8znuPRnLOjaAyunUbylzQqLzwtwOr0OmiRdc\nK8FXzNa8TDkgGk0zU5unyiQLn+LqQbEg0qR5o5ocYsh7NN0jdB+o/6+TgV9o8ugz\nXwM5vBKBzPDkvBu4AzK1EVsAzFv1/mKjgbPGJguJxodTVEszZUqffMXPyz5UPm4R\nORkCggEBAIHC5nAR5iosDAwyH9qmfRwHFw4+RHIsFz4lY9APAqDuQXYokZYPsbRa\noeQxppcRZG6AMKdcVeQWByQDos4J/R7Eq5R7MBTjIKuKXdibVtYjrOMElbgK1TFA\n4jQcWcgfElPXPaYUdgPYe8b0xCII0j8Zgdw2t+fOQKdMczb2AXBmDZ0TDt56YkFN\nhAJqQ0aDhazMLpC4WUQrXwdnKHIg3pHsRx6w0hvvHdZ/creRJ7Jtnqb4stBeknF6\nnxUcy5SespZiKJ77xHxvkGdYxp4tUTOyxJucCEthBAPmJQ/TnjqdffBVKPbjmAyF\nP4QaW2EI7qvgSh0VD0ST0zo0fhBFs3U=\n-----END PRIVATE KEY-----\n",
            "public_key_fingerprint_md5": "36:1f:c2:47:2d:8c:d7:77:52:17:5e:ea:47:8f:f0:44",
            "public_key_fingerprint_sha256": "SHA256:WFMooLZU40zm8Sw71QKducnIEw70RQhRhvHaWByV3Ig",
            "public_key_openssh": "ssh-rsa AAAAB3NzaC1yc2EAAAADAQABAAACAQC+dWxecS2Bq5FgfpKCUYUfOPGTB0jVhxORUu5QRTOVaw558uKQl8+Nt0ip23Zhu9iw6N+8ZYAPc7tzAC/cpE5nsnZpNN37YJyIbeq8+RoLsHyZVvHEyDGxkmcEV8NyStBzvKedt+B3f+LBaLS9bBh1izBpTICAs8UiWEFFVDEWd4CH7k5NGT18slJ3UckdMFj/Pwi5rWIFEMbN6Vk0PsamptqnSRLnYqtYRw4EGxdteEVNU1AyymVzn8H7v0hacZBpdOYYUicEKWziR/QydN0/M4yMULkgot1AF48wtzOmwIAcSJBvdF89DEXFXp0R+ORBw5IgGLZ0wR3Pnc4xS/9nU8TeVGBnbIXjSbmSUCauszWTmzyYZ0HmCqLHpbotlA5UMv8Qalz5hYqoolJQzVWiwEP5mQnN3X21Pl1yA5XVR2iE9fuJGscS6nOsWCqaRY3h4nyHPmzW3iMUYoxrO2IPj/wFpES/AbVFKlLhmxkOS2wgpOTEqKgUNlyy+VhyYf0dyYOwqd3T26TDBdUqjS2rEreY2yra6fuklxzSOImb7xYmidVSmXYNhz+8W8u/SkFRnyrqaHNnmUXws1yl1BdXW4dzbNAb7LTd4lY4uGrx3YtoxeBqM6r/m5JARi7Mokvv5PPfPelyUG+jJPtYw0JPEfO2fEUDcS5MgK0jvPamtw==\n",
            "public_key_pem": "-----BEGIN PUBLIC KEY-----\nMIICIjANBgkqhkiG9w0BAQEFAAOCAg8AMIICCgKCAgEAvnVsXnEtgauRYH6SglGF\nHzjxkwdI1YcTkVLuUEUzlWsOefLikJfPjbdIqdt2YbvYsOjfvGWAD3O7cwAv3KRO\nZ7J2aTTd+2CciG3qvPkaC7B8mVbxxMgxsZJnBFfDckrQc7ynnbfgd3/iwWi0vWwY\ndYswaUyAgLPFIlhBRVQxFneAh+5OTRk9fLJSd1HJHTBY/z8Iua1iBRDGzelZND7G\npqbap0kS52KrWEcOBBsXbXhFTVNQMsplc5/B+79IWnGQaXTmGFInBCls4kf0MnTd\nPzOMjFC5IKLdQBePMLczpsCAHEiQb3RfPQxFxV6dEfjkQcOSIBi2dMEdz53OMUv/\nZ1PE3lRgZ2yF40m5klAmrrM1k5s8mGdB5gqix6W6LZQOVDL/EGpc+YWKqKJSUM1V\nosBD+ZkJzd19tT5dcgOV1UdohPX7iRrHEupzrFgqmkWN4eJ8hz5s1t4jFGKMazti\nD4/8BaREvwG1RSpS4ZsZDktsIKTkxKioFDZcsvlYcmH9HcmDsKnd09ukwwXVKo0t\nqxK3mNsq2un7pJcc0jiJm+8WJonVUpl2DYc/vFvLv0pBUZ8q6mhzZ5lF8LNcpdQX\nV1uHc2zQG+y03eJWOLhq8d2LaMXgajOq/5uSQEYuzKJL7+Tz3z3pclBvoyT7WMNC\nTxHztnxFA3EuTICtI7z2prcCAwEAAQ==\n-----END PUBLIC KEY-----\n",
            "rsa_bits": 4096
          },
          "sensitive_attributes": []
        }
      ]
    },
    {
      "module": "module.vpc-a",
      "mode": "managed",
      "type": "aws_default_network_acl",
      "name": "this",
      "provider": "provider[\"registry.terraform.io/hashicorp/aws\"]",
      "instances": [
        {
          "index_key": 0,
          "schema_version": 0,
          "attributes": {
            "arn": "arn:aws:ec2:us-east-1:000288798409:network-acl/acl-0e356a10dc8546724",
            "default_network_acl_id": "acl-0e356a10dc8546724",
            "egress": [
              {
                "action": "allow",
                "cidr_block": "",
                "from_port": 0,
                "icmp_code": null,
                "icmp_type": null,
                "ipv6_cidr_block": "::/0",
                "protocol": "-1",
                "rule_no": 101,
                "to_port": 0
              },
              {
                "action": "allow",
                "cidr_block": "0.0.0.0/0",
                "from_port": 0,
                "icmp_code": null,
                "icmp_type": null,
                "ipv6_cidr_block": "",
                "protocol": "-1",
                "rule_no": 100,
                "to_port": 0
              }
            ],
            "id": "acl-0e356a10dc8546724",
            "ingress": [
              {
                "action": "allow",
                "cidr_block": "",
                "from_port": 0,
                "icmp_code": null,
                "icmp_type": null,
                "ipv6_cidr_block": "::/0",
                "protocol": "-1",
                "rule_no": 101,
                "to_port": 0
              },
              {
                "action": "allow",
                "cidr_block": "0.0.0.0/0",
                "from_port": 0,
                "icmp_code": null,
                "icmp_type": null,
                "ipv6_cidr_block": "",
                "protocol": "-1",
                "rule_no": 100,
                "to_port": 0
              }
            ],
            "owner_id": "000288798409",
            "subnet_ids": [
              "subnet-08aaffe3b79bfed96",
              "subnet-0f4edb7e03c81df3e"
            ],
            "tags": {
              "Name": "vpc-a-default"
            },
            "tags_all": {
              "Name": "vpc-a-default"
            },
            "vpc_id": "vpc-069403aa2a08860f7"
          },
          "sensitive_attributes": [],
          "private": "bnVsbA==",
          "dependencies": [
            "module.vpc-a.aws_vpc.this"
          ]
        }
      ]
    },
    {
      "module": "module.vpc-a",
      "mode": "managed",
      "type": "aws_default_route_table",
      "name": "default",
      "provider": "provider[\"registry.terraform.io/hashicorp/aws\"]",
      "instances": [
        {
          "index_key": 0,
          "schema_version": 0,
          "attributes": {
            "arn": "arn:aws:ec2:us-east-1:000288798409:route-table/rtb-0d27877e9ef10ae8e",
            "default_route_table_id": "rtb-0d27877e9ef10ae8e",
            "id": "rtb-0d27877e9ef10ae8e",
            "owner_id": "000288798409",
            "propagating_vgws": null,
            "route": [],
            "tags": {
              "Name": "vpc-a-default"
            },
            "tags_all": {
              "Name": "vpc-a-default"
            },
            "timeouts": {
              "create": "5m",
              "update": "5m"
            },
            "vpc_id": "vpc-069403aa2a08860f7"
          },
          "sensitive_attributes": [],
          "private": "eyJlMmJmYjczMC1lY2FhLTExZTYtOGY4OC0zNDM2M2JjN2M0YzAiOnsiY3JlYXRlIjozMDAwMDAwMDAwMDAsInVwZGF0ZSI6MzAwMDAwMDAwMDAwfX0=",
          "dependencies": [
            "module.vpc-a.aws_vpc.this"
          ]
        }
      ]
    },
    {
      "module": "module.vpc-a",
      "mode": "managed",
      "type": "aws_default_security_group",
      "name": "this",
      "provider": "provider[\"registry.terraform.io/hashicorp/aws\"]",
      "instances": [
        {
          "index_key": 0,
          "schema_version": 1,
          "attributes": {
            "arn": "arn:aws:ec2:us-east-1:000288798409:security-group/sg-05d1833e1e748c395",
            "description": "default VPC security group",
            "egress": [],
            "id": "sg-05d1833e1e748c395",
            "ingress": [],
            "name": "default",
            "name_prefix": "",
            "owner_id": "000288798409",
            "revoke_rules_on_delete": false,
            "tags": {
              "Name": "vpc-a-default"
            },
            "tags_all": {
              "Name": "vpc-a-default"
            },
            "vpc_id": "vpc-069403aa2a08860f7"
          },
          "sensitive_attributes": [],
          "private": "eyJzY2hlbWFfdmVyc2lvbiI6IjEifQ==",
          "dependencies": [
            "module.vpc-a.aws_vpc.this"
          ]
        }
      ]
    },
    {
      "module": "module.vpc-a",
      "mode": "managed",
      "type": "aws_internet_gateway",
      "name": "this",
      "provider": "provider[\"registry.terraform.io/hashicorp/aws\"]",
      "instances": [
        {
          "index_key": 0,
          "schema_version": 0,
          "attributes": {
            "arn": "arn:aws:ec2:us-east-1:000288798409:internet-gateway/igw-03390c68c3ebedcc3",
            "id": "igw-03390c68c3ebedcc3",
            "owner_id": "000288798409",
            "tags": {
              "Name": "vpc-a"
            },
            "tags_all": {
              "Name": "vpc-a"
            },
            "timeouts": null,
            "vpc_id": "vpc-069403aa2a08860f7"
          },
          "sensitive_attributes": [],
          "private": "eyJlMmJmYjczMC1lY2FhLTExZTYtOGY4OC0zNDM2M2JjN2M0YzAiOnsiY3JlYXRlIjoxMjAwMDAwMDAwMDAwLCJkZWxldGUiOjEyMDAwMDAwMDAwMDAsInVwZGF0ZSI6MTIwMDAwMDAwMDAwMH19",
          "dependencies": [
            "module.vpc-a.aws_vpc.this",
            "module.vpc-a.aws_vpc_ipv4_cidr_block_association.this"
          ]
        }
      ]
    },
    {
      "module": "module.vpc-a",
      "mode": "managed",
      "type": "aws_route",
      "name": "public_internet_gateway",
      "provider": "provider[\"registry.terraform.io/hashicorp/aws\"]",
      "instances": [
        {
          "index_key": 0,
          "schema_version": 0,
          "attributes": {
            "carrier_gateway_id": "",
            "core_network_arn": "",
            "destination_cidr_block": "0.0.0.0/0",
            "destination_ipv6_cidr_block": "",
            "destination_prefix_list_id": "",
            "egress_only_gateway_id": "",
            "gateway_id": "igw-03390c68c3ebedcc3",
            "id": "r-rtb-02243be7b50bdd7f61080289494",
            "instance_id": "",
            "instance_owner_id": "",
            "local_gateway_id": "",
            "nat_gateway_id": "",
            "network_interface_id": "",
            "origin": "CreateRoute",
            "route_table_id": "rtb-02243be7b50bdd7f6",
            "state": "active",
            "timeouts": {
              "create": "5m",
              "delete": null,
              "update": null
            },
            "transit_gateway_id": "",
            "vpc_endpoint_id": "",
            "vpc_peering_connection_id": ""
          },
          "sensitive_attributes": [],
          "private": "eyJlMmJmYjczMC1lY2FhLTExZTYtOGY4OC0zNDM2M2JjN2M0YzAiOnsiY3JlYXRlIjozMDAwMDAwMDAwMDAsImRlbGV0ZSI6MzAwMDAwMDAwMDAwLCJ1cGRhdGUiOjEyMDAwMDAwMDAwMH19",
          "dependencies": [
            "module.vpc-a.aws_internet_gateway.this",
            "module.vpc-a.aws_route_table.public",
            "module.vpc-a.aws_vpc.this",
            "module.vpc-a.aws_vpc_ipv4_cidr_block_association.this"
          ]
        }
      ]
    },
    {
      "module": "module.vpc-a",
      "mode": "managed",
      "type": "aws_route_table",
      "name": "public",
      "provider": "provider[\"registry.terraform.io/hashicorp/aws\"]",
      "instances": [
        {
          "index_key": 0,
          "schema_version": 0,
          "attributes": {
            "arn": "arn:aws:ec2:us-east-1:000288798409:route-table/rtb-02243be7b50bdd7f6",
            "id": "rtb-02243be7b50bdd7f6",
            "owner_id": "000288798409",
            "propagating_vgws": [],
            "route": [],
            "tags": {
              "Name": "vpc-a-public"
            },
            "tags_all": {
              "Name": "vpc-a-public"
            },
            "timeouts": null,
            "vpc_id": "vpc-069403aa2a08860f7"
          },
          "sensitive_attributes": [],
          "private": "eyJlMmJmYjczMC1lY2FhLTExZTYtOGY4OC0zNDM2M2JjN2M0YzAiOnsiY3JlYXRlIjozMDAwMDAwMDAwMDAsImRlbGV0ZSI6MzAwMDAwMDAwMDAwLCJ1cGRhdGUiOjEyMDAwMDAwMDAwMH19",
          "dependencies": [
            "module.vpc-a.aws_vpc.this",
            "module.vpc-a.aws_vpc_ipv4_cidr_block_association.this"
          ]
        }
      ]
    },
    {
      "module": "module.vpc-a",
      "mode": "managed",
      "type": "aws_route_table_association",
      "name": "public",
      "provider": "provider[\"registry.terraform.io/hashicorp/aws\"]",
      "instances": [
        {
          "index_key": 0,
          "schema_version": 0,
          "attributes": {
            "gateway_id": "",
            "id": "rtbassoc-01cf6808adec73df1",
            "route_table_id": "rtb-02243be7b50bdd7f6",
            "subnet_id": "subnet-08aaffe3b79bfed96",
            "timeouts": null
          },
          "sensitive_attributes": [],
          "private": "eyJlMmJmYjczMC1lY2FhLTExZTYtOGY4OC0zNDM2M2JjN2M0YzAiOnsiY3JlYXRlIjozMDAwMDAwMDAwMDAsImRlbGV0ZSI6MzAwMDAwMDAwMDAwLCJ1cGRhdGUiOjEyMDAwMDAwMDAwMH19",
          "dependencies": [
            "module.vpc-a.aws_route_table.public",
            "module.vpc-a.aws_subnet.public",
            "module.vpc-a.aws_vpc.this",
            "module.vpc-a.aws_vpc_ipv4_cidr_block_association.this"
          ]
        },
        {
          "index_key": 1,
          "schema_version": 0,
          "attributes": {
            "gateway_id": "",
            "id": "rtbassoc-0e05d18270b68deca",
            "route_table_id": "rtb-02243be7b50bdd7f6",
            "subnet_id": "subnet-0f4edb7e03c81df3e",
            "timeouts": null
          },
          "sensitive_attributes": [],
          "private": "eyJlMmJmYjczMC1lY2FhLTExZTYtOGY4OC0zNDM2M2JjN2M0YzAiOnsiY3JlYXRlIjozMDAwMDAwMDAwMDAsImRlbGV0ZSI6MzAwMDAwMDAwMDAwLCJ1cGRhdGUiOjEyMDAwMDAwMDAwMH19",
          "dependencies": [
            "module.vpc-a.aws_route_table.public",
            "module.vpc-a.aws_subnet.public",
            "module.vpc-a.aws_vpc.this",
            "module.vpc-a.aws_vpc_ipv4_cidr_block_association.this"
          ]
        }
      ]
    },
    {
      "module": "module.vpc-a",
      "mode": "managed",
      "type": "aws_subnet",
      "name": "public",
      "provider": "provider[\"registry.terraform.io/hashicorp/aws\"]",
      "instances": [
        {
          "index_key": 0,
          "schema_version": 1,
          "attributes": {
            "arn": "arn:aws:ec2:us-east-1:000288798409:subnet/subnet-08aaffe3b79bfed96",
            "assign_ipv6_address_on_creation": false,
            "availability_zone": "us-east-1a",
            "availability_zone_id": "use1-az4",
            "cidr_block": "10.5.0.0/24",
            "customer_owned_ipv4_pool": "",
            "enable_dns64": false,
            "enable_lni_at_device_index": 0,
            "enable_resource_name_dns_a_record_on_launch": false,
            "enable_resource_name_dns_aaaa_record_on_launch": false,
            "id": "subnet-08aaffe3b79bfed96",
            "ipv6_cidr_block": "",
            "ipv6_cidr_block_association_id": "",
            "ipv6_native": false,
            "map_customer_owned_ip_on_launch": false,
            "map_public_ip_on_launch": true,
            "outpost_arn": "",
            "owner_id": "000288798409",
            "private_dns_hostname_type_on_launch": "ip-name",
            "tags": {
              "Name": "vpc-a-public-us-east-1a"
            },
            "tags_all": {
              "Name": "vpc-a-public-us-east-1a"
            },
            "timeouts": null,
            "vpc_id": "vpc-069403aa2a08860f7"
          },
          "sensitive_attributes": [],
          "private": "eyJlMmJmYjczMC1lY2FhLTExZTYtOGY4OC0zNDM2M2JjN2M0YzAiOnsiY3JlYXRlIjo2MDAwMDAwMDAwMDAsImRlbGV0ZSI6MTIwMDAwMDAwMDAwMH0sInNjaGVtYV92ZXJzaW9uIjoiMSJ9",
          "dependencies": [
            "module.vpc-a.aws_vpc.this",
            "module.vpc-a.aws_vpc_ipv4_cidr_block_association.this"
          ]
        },
        {
          "index_key": 1,
          "schema_version": 1,
          "attributes": {
            "arn": "arn:aws:ec2:us-east-1:000288798409:subnet/subnet-0f4edb7e03c81df3e",
            "assign_ipv6_address_on_creation": false,
            "availability_zone": "us-east-1b",
            "availability_zone_id": "use1-az6",
            "cidr_block": "10.5.1.0/24",
            "customer_owned_ipv4_pool": "",
            "enable_dns64": false,
            "enable_lni_at_device_index": 0,
            "enable_resource_name_dns_a_record_on_launch": false,
            "enable_resource_name_dns_aaaa_record_on_launch": false,
            "id": "subnet-0f4edb7e03c81df3e",
            "ipv6_cidr_block": "",
            "ipv6_cidr_block_association_id": "",
            "ipv6_native": false,
            "map_customer_owned_ip_on_launch": false,
            "map_public_ip_on_launch": true,
            "outpost_arn": "",
            "owner_id": "000288798409",
            "private_dns_hostname_type_on_launch": "ip-name",
            "tags": {
              "Name": "vpc-a-public-us-east-1b"
            },
            "tags_all": {
              "Name": "vpc-a-public-us-east-1b"
            },
            "timeouts": null,
            "vpc_id": "vpc-069403aa2a08860f7"
          },
          "sensitive_attributes": [],
          "private": "eyJlMmJmYjczMC1lY2FhLTExZTYtOGY4OC0zNDM2M2JjN2M0YzAiOnsiY3JlYXRlIjo2MDAwMDAwMDAwMDAsImRlbGV0ZSI6MTIwMDAwMDAwMDAwMH0sInNjaGVtYV92ZXJzaW9uIjoiMSJ9",
          "dependencies": [
            "module.vpc-a.aws_vpc.this",
            "module.vpc-a.aws_vpc_ipv4_cidr_block_association.this"
          ]
        }
      ]
    },
    {
      "module": "module.vpc-a",
      "mode": "managed",
      "type": "aws_vpc",
      "name": "this",
      "provider": "provider[\"registry.terraform.io/hashicorp/aws\"]",
      "instances": [
        {
          "index_key": 0,
          "schema_version": 1,
          "attributes": {
            "arn": "arn:aws:ec2:us-east-1:000288798409:vpc/vpc-069403aa2a08860f7",
            "assign_generated_ipv6_cidr_block": false,
            "cidr_block": "10.5.0.0/16",
            "default_network_acl_id": "acl-0e356a10dc8546724",
            "default_route_table_id": "rtb-0d27877e9ef10ae8e",
            "default_security_group_id": "sg-05d1833e1e748c395",
            "dhcp_options_id": "dopt-0606ad1dd7528cdab",
            "enable_dns_hostnames": true,
            "enable_dns_support": true,
            "enable_network_address_usage_metrics": false,
            "id": "vpc-069403aa2a08860f7",
            "instance_tenancy": "default",
            "ipv4_ipam_pool_id": null,
            "ipv4_netmask_length": null,
            "ipv6_association_id": "",
            "ipv6_cidr_block": "",
            "ipv6_cidr_block_network_border_group": "",
            "ipv6_ipam_pool_id": "",
            "ipv6_netmask_length": 0,
            "main_route_table_id": "rtb-0d27877e9ef10ae8e",
            "owner_id": "000288798409",
            "tags": {
              "Name": "vpc-a"
            },
            "tags_all": {
              "Name": "vpc-a"
            }
          },
          "sensitive_attributes": [],
          "private": "eyJzY2hlbWFfdmVyc2lvbiI6IjEifQ=="
        }
      ]
    }
  ],
  "check_results": []
}
